
Microsoft Visual Studio Solution File, Format Version 12.00
# Visual Studio Version 17
VisualStudioVersion = 17.0.31903.59
MinimumVisualStudioVersion = 10.0.40219.1
Project("{8BC9CEB8-8B4A-11D0-8D11-00A0C91BC942}") = "SmartHomeBoard", "SmartHomeBoard\SmartHomeBoard.vcxproj", "{C5F80730-F44F-4478-BDAE-6634EFC2CA88}"
EndProject
Project("{8BC9CEB8-8B4A-11D0-8D11-00A0C91BC942}") = "WriteBoardID", "WriteBoardID\WriteBoardID.vcxproj", "{73031311-3DAC-4765-B1D8-2E30D0BD3DC4}"
EndProject
Project("{8BC9CEB8-8B4A-11D0-8D11-00A0C91BC942}") = "Archive", "Archive\Archive.vcxproj", "{6C537F86-12BE-4620-AEFC-CFD91B1B57DB}"
EndProject
Global
	GlobalSection(SolutionConfigurationPlatforms) = preSolution
		Debug|Any CPU = Debug|Any CPU
		Debug|ARM = Debug|ARM
		Debug|x64 = Debug|x64
		Debug|x86 = Debug|x86
		Release|Any CPU = Release|Any CPU
		Release|ARM = Release|ARM
		Release|x64 = Release|x64
		Release|x86 = Release|x86
	EndGlobalSection
	GlobalSection(ProjectConfigurationPlatforms) = postSolution
		{C5F80730-F44F-4478-BDAE-6634EFC2CA88}.Debug|Any CPU.ActiveCfg = Debug|Win32
		{C5F80730-F44F-4478-BDAE-6634EFC2CA88}.Debug|ARM.ActiveCfg = Debug|Win32
		{C5F80730-F44F-4478-BDAE-6634EFC2CA88}.Debug|x64.ActiveCfg = Debug|Win32
		{C5F80730-F44F-4478-BDAE-6634EFC2CA88}.Debug|x86.ActiveCfg = Debug|Win32
		{C5F80730-F44F-4478-BDAE-6634EFC2CA88}.Debug|x86.Build.0 = Debug|Win32
		{C5F80730-F44F-4478-BDAE-6634EFC2CA88}.Release|Any CPU.ActiveCfg = Release|Win32
		{C5F80730-F44F-4478-BDAE-6634EFC2CA88}.Release|Any CPU.Build.0 = Release|Win32
		{C5F80730-F44F-4478-BDAE-6634EFC2CA88}.Release|ARM.ActiveCfg = Release|Win32
		{C5F80730-F44F-4478-BDAE-6634EFC2CA88}.Release|x64.ActiveCfg = Release|Win32
		{C5F80730-F44F-4478-BDAE-6634EFC2CA88}.Release|x86.ActiveCfg = Release|Win32
		{C5F80730-F44F-4478-BDAE-6634EFC2CA88}.Release|x86.Build.0 = Release|Win32
		{73031311-3DAC-4765-B1D8-2E30D0BD3DC4}.Debug|Any CPU.ActiveCfg = Debug|Win32
		{73031311-3DAC-4765-B1D8-2E30D0BD3DC4}.Debug|Any CPU.Build.0 = Debug|Win32
		{73031311-3DAC-4765-B1D8-2E30D0BD3DC4}.Debug|ARM.ActiveCfg = Debug|Win32
		{73031311-3DAC-4765-B1D8-2E30D0BD3DC4}.Debug|ARM.Build.0 = Debug|Win32
		{73031311-3DAC-4765-B1D8-2E30D0BD3DC4}.Debug|x64.ActiveCfg = Debug|Win32
		{73031311-3DAC-4765-B1D8-2E30D0BD3DC4}.Debug|x64.Build.0 = Debug|Win32
		{73031311-3DAC-4765-B1D8-2E30D0BD3DC4}.Debug|x86.ActiveCfg = Debug|Win32
		{73031311-3DAC-4765-B1D8-2E30D0BD3DC4}.Debug|x86.Build.0 = Debug|Win32
		{73031311-3DAC-4765-B1D8-2E30D0BD3DC4}.Release|Any CPU.ActiveCfg = Release|Win32
		{73031311-3DAC-4765-B1D8-2E30D0BD3DC4}.Release|Any CPU.Build.0 = Release|Win32
		{73031311-3DAC-4765-B1D8-2E30D0BD3DC4}.Release|ARM.ActiveCfg = Release|Win32
		{73031311-3DAC-4765-B1D8-2E30D0BD3DC4}.Release|ARM.Build.0 = Release|Win32
		{73031311-3DAC-4765-B1D8-2E30D0BD3DC4}.Release|x64.ActiveCfg = Release|Win32
		{73031311-3DAC-4765-B1D8-2E30D0BD3DC4}.Release|x64.Build.0 = Release|Win32
		{73031311-3DAC-4765-B1D8-2E30D0BD3DC4}.Release|x86.ActiveCfg = Release|Win32
		{73031311-3DAC-4765-B1D8-2E30D0BD3DC4}.Release|x86.Build.0 = Release|Win32
		{6C537F86-12BE-4620-AEFC-CFD91B1B57DB}.Debug|Any CPU.ActiveCfg = Debug|x64
		{6C537F86-12BE-4620-AEFC-CFD91B1B57DB}.Debug|Any CPU.Build.0 = Debug|x64
		{6C537F86-12BE-4620-AEFC-CFD91B1B57DB}.Debug|ARM.ActiveCfg = Debug|x64
		{6C537F86-12BE-4620-AEFC-CFD91B1B57DB}.Debug|ARM.Build.0 = Debug|x64
		{6C537F86-12BE-4620-AEFC-CFD91B1B57DB}.Debug|x64.ActiveCfg = Debug|x64
		{6C537F86-12BE-4620-AEFC-CFD91B1B57DB}.Debug|x64.Build.0 = Debug|x64
		{6C537F86-12BE-4620-AEFC-CFD91B1B57DB}.Debug|x86.ActiveCfg = Debug|Win32
		{6C537F86-12BE-4620-AEFC-CFD91B1B57DB}.Debug|x86.Build.0 = Debug|Win32
		{6C537F86-12BE-4620-AEFC-CFD91B1B57DB}.Release|Any CPU.ActiveCfg = Release|x64
		{6C537F86-12BE-4620-AEFC-CFD91B1B57DB}.Release|Any CPU.Build.0 = Release|x64
		{6C537F86-12BE-4620-AEFC-CFD91B1B57DB}.Release|ARM.ActiveCfg = Release|x64
		{6C537F86-12BE-4620-AEFC-CFD91B1B57DB}.Release|ARM.Build.0 = Release|x64
		{6C537F86-12BE-4620-AEFC-CFD91B1B57DB}.Release|x64.ActiveCfg = Release|x64
		{6C537F86-12BE-4620-AEFC-CFD91B1B57DB}.Release|x64.Build.0 = Release|x64
		{6C537F86-12BE-4620-AEFC-CFD91B1B57DB}.Release|x86.ActiveCfg = Release|Win32
		{6C537F86-12BE-4620-AEFC-CFD91B1B57DB}.Release|x86.Build.0 = Release|Win32
	EndGlobalSection
	GlobalSection(SolutionProperties) = preSolution
		HideSolutionNode = FALSE
	EndGlobalSection
	GlobalSection(ExtensibilityGlobals) = postSolution
		SolutionGuid = {0EA50486-F626-43D8-920E-7E93AFDD803F}
	EndGlobalSection
EndGlobal
