
Microsoft Visual Studio Solution File, Format Version 12.00
# Visual Studio 14
VisualStudioVersion = 14.0.25420.1
MinimumVisualStudioVersion = 10.0.40219.1
Project("{8BC9CEB8-8B4A-11D0-8D11-00A0C91BC942}") = "Arduino", "Arduino\Arduino.vcxproj", "{C5F80730-F44F-4478-BDAE-6634EFC2CA88}"
EndProject
Project("{8BC9CEB8-8B4A-11D0-8D11-00A0C91BC942}") = "Test_Ethernet", "Test_Ethernet\Test_Ethernet.vcxproj", "{CC6E09AA-5BC8-4C6D-95A6-B2BE9F543D66}"
EndProject
Project("{8BC9CEB8-8B4A-11D0-8D11-00A0C91BC942}") = "Test_RESTful", "Test_RESTful\Test_RESTful.vcxproj", "{6838F969-A2C0-4FA0-822B-B3EAD299D7E1}"
EndProject
Project("{8BC9CEB8-8B4A-11D0-8D11-00A0C91BC942}") = "ArduinoServer", "ArduinoServer\ArduinoServer.vcxproj", "{CA672696-4D0D-404E-BFDB-965749ECAF21}"
EndProject
Global
	GlobalSection(SolutionConfigurationPlatforms) = preSolution
		Debug|x86 = Debug|x86
		Release|x86 = Release|x86
		Reset|x86 = Reset|x86
		Test_Ethernet|x86 = Test_Ethernet|x86
	EndGlobalSection
	GlobalSection(ProjectConfigurationPlatforms) = postSolution
		{C5F80730-F44F-4478-BDAE-6634EFC2CA88}.Debug|x86.ActiveCfg = Debug|Win32
		{C5F80730-F44F-4478-BDAE-6634EFC2CA88}.Release|x86.ActiveCfg = Release|Win32
		{C5F80730-F44F-4478-BDAE-6634EFC2CA88}.Release|x86.Build.0 = Release|Win32
		{C5F80730-F44F-4478-BDAE-6634EFC2CA88}.Reset|x86.ActiveCfg = Reset|Win32
		{C5F80730-F44F-4478-BDAE-6634EFC2CA88}.Test_Ethernet|x86.ActiveCfg = Release|Win32
		{CC6E09AA-5BC8-4C6D-95A6-B2BE9F543D66}.Debug|x86.ActiveCfg = Debug|Win32
		{CC6E09AA-5BC8-4C6D-95A6-B2BE9F543D66}.Release|x86.ActiveCfg = Release|Win32
		{CC6E09AA-5BC8-4C6D-95A6-B2BE9F543D66}.Reset|x86.ActiveCfg = Release|Win32
		{CC6E09AA-5BC8-4C6D-95A6-B2BE9F543D66}.Reset|x86.Build.0 = Release|Win32
		{CC6E09AA-5BC8-4C6D-95A6-B2BE9F543D66}.Test_Ethernet|x86.ActiveCfg = Release|Win32
		{CC6E09AA-5BC8-4C6D-95A6-B2BE9F543D66}.Test_Ethernet|x86.Build.0 = Release|Win32
		{6838F969-A2C0-4FA0-822B-B3EAD299D7E1}.Debug|x86.ActiveCfg = Debug|Win32
		{6838F969-A2C0-4FA0-822B-B3EAD299D7E1}.Debug|x86.Build.0 = Debug|Win32
		{6838F969-A2C0-4FA0-822B-B3EAD299D7E1}.Release|x86.ActiveCfg = Release|Win32
		{6838F969-A2C0-4FA0-822B-B3EAD299D7E1}.Release|x86.Build.0 = Release|Win32
		{6838F969-A2C0-4FA0-822B-B3EAD299D7E1}.Reset|x86.ActiveCfg = Release|Win32
		{6838F969-A2C0-4FA0-822B-B3EAD299D7E1}.Reset|x86.Build.0 = Release|Win32
		{6838F969-A2C0-4FA0-822B-B3EAD299D7E1}.Test_Ethernet|x86.ActiveCfg = Release|Win32
		{6838F969-A2C0-4FA0-822B-B3EAD299D7E1}.Test_Ethernet|x86.Build.0 = Release|Win32
		{CA672696-4D0D-404E-BFDB-965749ECAF21}.Debug|x86.ActiveCfg = Debug|Win32
		{CA672696-4D0D-404E-BFDB-965749ECAF21}.Debug|x86.Build.0 = Debug|Win32
		{CA672696-4D0D-404E-BFDB-965749ECAF21}.Release|x86.ActiveCfg = Release|Win32
		{CA672696-4D0D-404E-BFDB-965749ECAF21}.Release|x86.Build.0 = Release|Win32
		{CA672696-4D0D-404E-BFDB-965749ECAF21}.Reset|x86.ActiveCfg = Release|Win32
		{CA672696-4D0D-404E-BFDB-965749ECAF21}.Reset|x86.Build.0 = Release|Win32
		{CA672696-4D0D-404E-BFDB-965749ECAF21}.Test_Ethernet|x86.ActiveCfg = Release|Win32
		{CA672696-4D0D-404E-BFDB-965749ECAF21}.Test_Ethernet|x86.Build.0 = Release|Win32
	EndGlobalSection
	GlobalSection(SolutionProperties) = preSolution
		HideSolutionNode = FALSE
	EndGlobalSection
EndGlobal
