<?xml version="1.0" encoding="utf-8"?>
<Project ToolsVersion="4.0" xmlns="http://schemas.microsoft.com/developer/msbuild/2003">
  <ItemGroup>
    <Filter Include="Source Files">
      <UniqueIdentifier>{4FC737F1-C7A5-4376-A066-2A32D752A2FF}</UniqueIdentifier>
      <Extensions>cpp;c;cc;cxx;def;odl;idl;hpj;bat;asm;asmx</Extensions>
    </Filter>
    <Filter Include="Header Files">
      <UniqueIdentifier>{93995380-89BD-4b04-88EB-625FBE52EBFB}</UniqueIdentifier>
      <Extensions>h;hh;hpp;hxx;hm;inl;inc;xsd</Extensions>
    </Filter>
    <Filter Include="Resource Files">
      <UniqueIdentifier>{67DA6AB6-F800-4c08-8B7A-83BB121AAD01}</UniqueIdentifier>
      <Extensions>rc;ico;cur;bmp;dlg;rc2;rct;bin;rgs;gif;jpg;jpeg;jpe;resx;tiff;tif;png;wav;mfcribbon-ms</Extensions>
    </Filter>
    <Filter Include="ioBroker">
      <UniqueIdentifier>{b73ff0c4-5b84-4c81-a05b-ce3d63f1aca9}</UniqueIdentifier>
    </Filter>
    <Filter Include="ioBroker\test">
      <UniqueIdentifier>{3283fb0f-38cf-472e-82d4-b17f8b321886}</UniqueIdentifier>
    </Filter>
    <Filter Include="ioBroker\global">
      <UniqueIdentifier>{d4bf4492-5686-40a7-91d1-1a3752052ced}</UniqueIdentifier>
    </Filter>
    <Filter Include="ioBroker\common">
      <UniqueIdentifier>{fa06e54f-b6cd-46ae-b895-4c5172057e78}</UniqueIdentifier>
    </Filter>
    <Filter Include="ioBroker\vis.0">
      <UniqueIdentifier>{24a65676-55cc-4454-9019-1eef19c8cf5f}</UniqueIdentifier>
    </Filter>
    <Filter Include="ioBroker\Objects">
      <UniqueIdentifier>{ea01720e-3dd2-4860-b4f6-fb295d1ef725}</UniqueIdentifier>
    </Filter>
  </ItemGroup>
  <ItemGroup>
    <None Include="SmartHomeBoard.ino" />
    <None Include="..\iobroker\test\_dir.json">
      <Filter>ioBroker\test</Filter>
    </None>
    <None Include="..\iobroker\test\pingcheck.json">
      <Filter>ioBroker\test</Filter>
    </None>
    <None Include="..\iobroker\test\test1.json">
      <Filter>ioBroker\test</Filter>
    </None>
    <None Include="..\iobroker\global\_dir.json">
      <Filter>ioBroker\global</Filter>
    </None>
    <None Include="..\iobroker\global\checkwatchdog.json">
      <Filter>ioBroker\global</Filter>
    </None>
    <None Include="..\iobroker\global\paths.json">
      <Filter>ioBroker\global</Filter>
    </None>
    <None Include="..\iobroker\global\resetdevice.json">
      <Filter>ioBroker\global</Filter>
    </None>
    <None Include="..\iobroker\common\_dir.json">
      <Filter>ioBroker\common</Filter>
    </None>
    <None Include="..\iobroker\common\config.json">
      <Filter>ioBroker\common</Filter>
    </None>
    <None Include="..\iobroker\common\config2.json">
      <Filter>ioBroker\common</Filter>
    </None>
    <None Include="ioBroker\Scripts\vis.0\vis-views.json">
      <Filter>ioBroker\vis.0</Filter>
    </None>
    <None Include="ioBroker\Scripts\objects\equipment.json">
      <Filter>ioBroker\Objects</Filter>
    </None>
    <None Include="ioBroker\Scripts\objects\mqtt.json">
      <Filter>ioBroker\Objects</Filter>
    </None>
    <None Include="ioBroker\Scripts\common\AstroSchedule.json">
      <Filter>ioBroker\common</Filter>
    </None>
    <None Include="ioBroker\Scripts\common\PingCheck.json">
      <Filter>ioBroker\common</Filter>
    </None>
    <None Include="ioBroker\Scripts\common\SwitchOffAll.json">
      <Filter>ioBroker\common</Filter>
    </None>
    <None Include="ioBroker\Scripts\global\Configuration.json">
      <Filter>ioBroker\global</Filter>
    </None>
    <None Include="ioBroker\Scripts\common\TimerCheck.json">
      <Filter>ioBroker\common</Filter>
    </None>
    <None Include="ioBroker\Scripts\common\hardreset.json">
      <Filter>ioBroker\common</Filter>
    </None>
  </ItemGroup>
  <ItemGroup>
    <ClInclude Include="__vm\.SmartHomeBoard.vsarduino.h">
      <Filter>Header Files</Filter>
    </ClInclude>
    <ClInclude Include="Action.h">
      <Filter>Header Files</Filter>
    </ClInclude>
    <ClInclude Include="Board.h">
      <Filter>Header Files</Filter>
    </ClInclude>
    <ClInclude Include="Button.h">
      <Filter>Header Files</Filter>
    </ClInclude>
    <ClInclude Include="Configuration.h">
      <Filter>Header Files</Filter>
    </ClInclude>
    <ClInclude Include="ext_global.h">
      <Filter>Header Files</Filter>
    </ClInclude>
    <ClInclude Include="global.h">
      <Filter>Header Files</Filter>
    </ClInclude>
    <ClInclude Include="Loger.h">
      <Filter>Header Files</Filter>
    </ClInclude>
    <ClInclude Include="Mqtt.h">
      <Filter>Header Files</Filter>
    </ClInclude>
    <ClInclude Include="OneWireBus.h">
      <Filter>Header Files</Filter>
    </ClInclude>
    <ClInclude Include="OneWireBusUnit.h">
      <Filter>Header Files</Filter>
    </ClInclude>
    <ClInclude Include="OneWireThermo.h">
      <Filter>Header Files</Filter>
    </ClInclude>
    <ClInclude Include="Relay.h">
      <Filter>Header Files</Filter>
    </ClInclude>
    <ClInclude Include="Unit.h">
      <Filter>Header Files</Filter>
    </ClInclude>
    <ClInclude Include="utils.h">
      <Filter>Header Files</Filter>
    </ClInclude>
    <ClInclude Include="definitions.h">
      <Filter>Header Files</Filter>
    </ClInclude>
  </ItemGroup>
  <ItemGroup>
    <ClCompile Include="Action.cpp">
      <Filter>Source Files</Filter>
    </ClCompile>
    <ClCompile Include="Board.cpp">
      <Filter>Source Files</Filter>
    </ClCompile>
    <ClCompile Include="Button.cpp">
      <Filter>Source Files</Filter>
    </ClCompile>
    <ClCompile Include="Configuration.cpp">
      <Filter>Source Files</Filter>
    </ClCompile>
    <ClCompile Include="Loger.cpp">
      <Filter>Source Files</Filter>
    </ClCompile>
    <ClCompile Include="Mqtt.cpp">
      <Filter>Source Files</Filter>
    </ClCompile>
    <ClCompile Include="Relay.cpp">
      <Filter>Source Files</Filter>
    </ClCompile>
    <ClCompile Include="Unit.cpp">
      <Filter>Source Files</Filter>
    </ClCompile>
    <ClCompile Include="utils.cpp">
      <Filter>Source Files</Filter>
    </ClCompile>
    <ClCompile Include="OneWireBus.cpp">
      <Filter>Source Files</Filter>
    </ClCompile>
    <ClCompile Include="OneWireThermo.cpp">
      <Filter>Source Files</Filter>
    </ClCompile>
    <ClCompile Include="OneWireBusUnit.cpp">
      <Filter>Source Files</Filter>
    </ClCompile>
  </ItemGroup>
</Project>