<?xml version="1.0" encoding="utf-8"?>
<Project ToolsVersion="4.0" xmlns="http://schemas.microsoft.com/developer/msbuild/2003">
  <ItemGroup>
    <Filter Include="Source Files">
      <UniqueIdentifier>{4FC737F1-C7A5-4376-A066-2A32D752A2FF}</UniqueIdentifier>
      <Extensions>cpp;c;cc;cxx;def;odl;idl;hpj;bat;asm;asmx</Extensions>
    </Filter>
    <Filter Include="Header Files">
      <UniqueIdentifier>{93995380-89BD-4b04-88EB-625FBE52EBFB}</UniqueIdentifier>
      <Extensions>h;hh;hpp;hxx;hm;inl;inc;xsd</Extensions>
    </Filter>
    <Filter Include="Resource Files">
      <UniqueIdentifier>{67DA6AB6-F800-4c08-8B7A-83BB121AAD01}</UniqueIdentifier>
      <Extensions>rc;ico;cur;bmp;dlg;rc2;rct;bin;rgs;gif;jpg;jpeg;jpe;resx;tiff;tif;png;wav;mfcribbon-ms</Extensions>
    </Filter>
    <Filter Include="ioBroker">
      <UniqueIdentifier>{9262c87f-9728-41e9-9a64-a139038caa93}</UniqueIdentifier>
    </Filter>
    <Filter Include="ioBroker\Scripts">
      <UniqueIdentifier>{e6578ff7-e854-4433-948d-355715bbdaf9}</UniqueIdentifier>
    </Filter>
    <Filter Include="ioBroker\objects">
      <UniqueIdentifier>{56818b70-c7d6-4cbd-8b58-7fbe95cca4be}</UniqueIdentifier>
    </Filter>
    <Filter Include="ioBroker\vis">
      <UniqueIdentifier>{a2c0d17f-feb7-438c-b9e1-117b2cb55827}</UniqueIdentifier>
    </Filter>
  </ItemGroup>
  <ItemGroup>
    <None Include="SmartHomeBoard.ino" />
    <None Include="ioBroker\Scripts\vis.0\vis-views.json">
      <Filter>ioBroker\vis</Filter>
    </None>
    <None Include="ioBroker\Scripts\objects\mqtt.json">
      <Filter>ioBroker\objects</Filter>
    </None>
  </ItemGroup>
  <ItemGroup>
    <ClInclude Include="__vm\.SmartHomeBoard.vsarduino.h">
      <Filter>Header Files</Filter>
    </ClInclude>
    <ClInclude Include="Action.h">
      <Filter>Header Files</Filter>
    </ClInclude>
    <ClInclude Include="Board.h">
      <Filter>Header Files</Filter>
    </ClInclude>
    <ClInclude Include="Button.h">
      <Filter>Header Files</Filter>
    </ClInclude>
    <ClInclude Include="Configuration.h">
      <Filter>Header Files</Filter>
    </ClInclude>
    <ClInclude Include="global.h">
      <Filter>Header Files</Filter>
    </ClInclude>
    <ClInclude Include="Loger.h">
      <Filter>Header Files</Filter>
    </ClInclude>
    <ClInclude Include="Mqtt.h">
      <Filter>Header Files</Filter>
    </ClInclude>
    <ClInclude Include="OneWireBus.h">
      <Filter>Header Files</Filter>
    </ClInclude>
    <ClInclude Include="OneWireBusUnit.h">
      <Filter>Header Files</Filter>
    </ClInclude>
    <ClInclude Include="OneWireThermo.h">
      <Filter>Header Files</Filter>
    </ClInclude>
    <ClInclude Include="Relay.h">
      <Filter>Header Files</Filter>
    </ClInclude>
    <ClInclude Include="Unit.h">
      <Filter>Header Files</Filter>
    </ClInclude>
    <ClInclude Include="utils.h">
      <Filter>Header Files</Filter>
    </ClInclude>
    <ClInclude Include="definitions.h">
      <Filter>Header Files</Filter>
    </ClInclude>
    <ClInclude Include="PowerMeter.h">
      <Filter>Header Files</Filter>
    </ClInclude>
    <ClInclude Include="SigmaEEPROM.h">
      <Filter>Header Files</Filter>
    </ClInclude>
    <ClInclude Include="Contactor.h">
      <Filter>Header Files</Filter>
    </ClInclude>
    <ClInclude Include="ShiftRegister.h">
      <Filter>Header Files</Filter>
    </ClInclude>
    <ClInclude Include="ShiftRegisterOut.h">
      <Filter>Header Files</Filter>
    </ClInclude>
    <ClInclude Include="ShiftRegisterIn.h">
      <Filter>Header Files</Filter>
    </ClInclude>
  </ItemGroup>
  <ItemGroup>
    <ClCompile Include="Action.cpp">
      <Filter>Source Files</Filter>
    </ClCompile>
    <ClCompile Include="Board.cpp">
      <Filter>Source Files</Filter>
    </ClCompile>
    <ClCompile Include="Button.cpp">
      <Filter>Source Files</Filter>
    </ClCompile>
    <ClCompile Include="Configuration.cpp">
      <Filter>Source Files</Filter>
    </ClCompile>
    <ClCompile Include="Loger.cpp">
      <Filter>Source Files</Filter>
    </ClCompile>
    <ClCompile Include="Mqtt.cpp">
      <Filter>Source Files</Filter>
    </ClCompile>
    <ClCompile Include="Relay.cpp">
      <Filter>Source Files</Filter>
    </ClCompile>
    <ClCompile Include="Unit.cpp">
      <Filter>Source Files</Filter>
    </ClCompile>
    <ClCompile Include="utils.cpp">
      <Filter>Source Files</Filter>
    </ClCompile>
    <ClCompile Include="OneWireBus.cpp">
      <Filter>Source Files</Filter>
    </ClCompile>
    <ClCompile Include="OneWireThermo.cpp">
      <Filter>Source Files</Filter>
    </ClCompile>
    <ClCompile Include="OneWireBusUnit.cpp">
      <Filter>Source Files</Filter>
    </ClCompile>
    <ClCompile Include="PowerMeter.cpp">
      <Filter>Source Files</Filter>
    </ClCompile>
    <ClCompile Include="SigmaEEPROM.cpp">
      <Filter>Source Files</Filter>
    </ClCompile>
    <ClCompile Include="Contactor.cpp">
      <Filter>Source Files</Filter>
    </ClCompile>
    <ClCompile Include="ShiftRegister.cpp">
      <Filter>Source Files</Filter>
    </ClCompile>
    <ClCompile Include="ShiftRegisterOut.cpp">
      <Filter>Source Files</Filter>
    </ClCompile>
    <ClCompile Include="ShiftRegisterIn.cpp">
      <Filter>Source Files</Filter>
    </ClCompile>
  </ItemGroup>
</Project>