<?xml version="1.0" encoding="utf-8"?>
<Project ToolsVersion="4.0" xmlns="http://schemas.microsoft.com/developer/msbuild/2003">
  <ItemGroup>
    <Filter Include="Source Files">
      <UniqueIdentifier>{4FC737F1-C7A5-4376-A066-2A32D752A2FF}</UniqueIdentifier>
      <Extensions>cpp;c;cc;cxx;def;odl;idl;hpj;bat;asm;asmx</Extensions>
    </Filter>
    <Filter Include="Header Files">
      <UniqueIdentifier>{93995380-89BD-4b04-88EB-625FBE52EBFB}</UniqueIdentifier>
      <Extensions>h;hh;hpp;hxx;hm;inl;inc;xsd</Extensions>
    </Filter>
    <Filter Include="Resource Files">
      <UniqueIdentifier>{67DA6AB6-F800-4c08-8B7A-83BB121AAD01}</UniqueIdentifier>
      <Extensions>rc;ico;cur;bmp;dlg;rc2;rct;bin;rgs;gif;jpg;jpeg;jpe;resx;tiff;tif;png;wav;mfcribbon-ms</Extensions>
    </Filter>
    <Filter Include="iobroker">
      <UniqueIdentifier>{54b5b746-906e-4537-a3e9-575ab3e22ac5}</UniqueIdentifier>
    </Filter>
    <Filter Include="iobroker\common">
      <UniqueIdentifier>{00f3b6a7-3e70-4cfb-9706-913d930d02ec}</UniqueIdentifier>
    </Filter>
    <Filter Include="iobroker\global">
      <UniqueIdentifier>{c656ac99-3c4e-43ac-bfcb-70ef2d5b8939}</UniqueIdentifier>
    </Filter>
    <Filter Include="iobroker\test">
      <UniqueIdentifier>{10c924e3-8d25-4059-84fa-ea4591c5b066}</UniqueIdentifier>
    </Filter>
  </ItemGroup>
  <ItemGroup>
    <None Include="SmartHomeBoard.ino" />
    <None Include="iobroker\objects.json">
      <Filter>iobroker</Filter>
    </None>
    <None Include="iobroker\vis-user.css">
      <Filter>iobroker</Filter>
    </None>
    <None Include="iobroker\vis-views.json">
      <Filter>iobroker</Filter>
    </None>
    <None Include="iobroker\common\Accum_schedule.js">
      <Filter>iobroker\common</Filter>
    </None>
    <None Include="iobroker\common\AstroSchedule.js">
      <Filter>iobroker\common</Filter>
    </None>
    <None Include="iobroker\common\BolierSchedule.js">
      <Filter>iobroker\common</Filter>
    </None>
    <None Include="iobroker\common\config2.js">
      <Filter>iobroker\common</Filter>
    </None>
    <None Include="iobroker\common\GardenSchedule.js">
      <Filter>iobroker\common</Filter>
    </None>
    <None Include="iobroker\common\hardreset.js">
      <Filter>iobroker\common</Filter>
    </None>
    <None Include="iobroker\common\PowerCollecting.js">
      <Filter>iobroker\common</Filter>
    </None>
    <None Include="iobroker\common\PowerCollecting_old.js">
      <Filter>iobroker\common</Filter>
    </None>
    <None Include="iobroker\common\SetSun.js">
      <Filter>iobroker\common</Filter>
    </None>
    <None Include="iobroker\common\SwitchCooling.js">
      <Filter>iobroker\common</Filter>
    </None>
    <None Include="iobroker\common\SwitchOffAll.js">
      <Filter>iobroker\common</Filter>
    </None>
    <None Include="iobroker\common\timercheck.js">
      <Filter>iobroker\common</Filter>
    </None>
    <None Include="iobroker\common\TriggerGate.js">
      <Filter>iobroker\common</Filter>
    </None>
    <None Include="iobroker\common\WateringDelay.js">
      <Filter>iobroker\common</Filter>
    </None>
    <None Include="iobroker\global\checkwatchdog.js">
      <Filter>iobroker\global</Filter>
    </None>
    <None Include="iobroker\global\configuration.js">
      <Filter>iobroker\global</Filter>
    </None>
    <None Include="iobroker\global\paths.js">
      <Filter>iobroker\global</Filter>
    </None>
    <None Include="iobroker\global\resetdevice.js">
      <Filter>iobroker\global</Filter>
    </None>
    <None Include="iobroker\test\Astro.js">
      <Filter>iobroker\test</Filter>
    </None>
    <None Include="iobroker\test\MotionDetection1.js">
      <Filter>iobroker\test</Filter>
    </None>
    <None Include="iobroker\test\Script_1.js">
      <Filter>iobroker\test</Filter>
    </None>
    <None Include="iobroker\test\Script1.js">
      <Filter>iobroker\test</Filter>
    </None>
    <None Include="iobroker\test\TestPing.js">
      <Filter>iobroker\test</Filter>
    </None>
  </ItemGroup>
  <ItemGroup>
    <ClInclude Include="__vm\.SmartHomeBoard.vsarduino.h">
      <Filter>Header Files</Filter>
    </ClInclude>
    <ClInclude Include="Action.h">
      <Filter>Header Files</Filter>
    </ClInclude>
    <ClInclude Include="Board.h">
      <Filter>Header Files</Filter>
    </ClInclude>
    <ClInclude Include="Button.h">
      <Filter>Header Files</Filter>
    </ClInclude>
    <ClInclude Include="Configuration.h">
      <Filter>Header Files</Filter>
    </ClInclude>
    <ClInclude Include="global.h">
      <Filter>Header Files</Filter>
    </ClInclude>
    <ClInclude Include="Loger.h">
      <Filter>Header Files</Filter>
    </ClInclude>
    <ClInclude Include="Mqtt.h">
      <Filter>Header Files</Filter>
    </ClInclude>
    <ClInclude Include="Relay.h">
      <Filter>Header Files</Filter>
    </ClInclude>
    <ClInclude Include="Unit.h">
      <Filter>Header Files</Filter>
    </ClInclude>
    <ClInclude Include="utils.h">
      <Filter>Header Files</Filter>
    </ClInclude>
    <ClInclude Include="definitions.h">
      <Filter>Header Files</Filter>
    </ClInclude>
    <ClInclude Include="PowerMeter.h">
      <Filter>Header Files</Filter>
    </ClInclude>
    <ClInclude Include="SigmaEEPROM.h">
      <Filter>Header Files</Filter>
    </ClInclude>
    <ClInclude Include="Contactor.h">
      <Filter>Header Files</Filter>
    </ClInclude>
    <ClInclude Include="ShiftRegister.h">
      <Filter>Header Files</Filter>
    </ClInclude>
    <ClInclude Include="ShiftRegisterOut.h">
      <Filter>Header Files</Filter>
    </ClInclude>
    <ClInclude Include="ShiftRegisterIn.h">
      <Filter>Header Files</Filter>
    </ClInclude>
  </ItemGroup>
  <ItemGroup>
    <ClCompile Include="Action.cpp">
      <Filter>Source Files</Filter>
    </ClCompile>
    <ClCompile Include="Board.cpp">
      <Filter>Source Files</Filter>
    </ClCompile>
    <ClCompile Include="Button.cpp">
      <Filter>Source Files</Filter>
    </ClCompile>
    <ClCompile Include="Configuration.cpp">
      <Filter>Source Files</Filter>
    </ClCompile>
    <ClCompile Include="Loger.cpp">
      <Filter>Source Files</Filter>
    </ClCompile>
    <ClCompile Include="Mqtt.cpp">
      <Filter>Source Files</Filter>
    </ClCompile>
    <ClCompile Include="Relay.cpp">
      <Filter>Source Files</Filter>
    </ClCompile>
    <ClCompile Include="Unit.cpp">
      <Filter>Source Files</Filter>
    </ClCompile>
    <ClCompile Include="utils.cpp">
      <Filter>Source Files</Filter>
    </ClCompile>
    <ClCompile Include="PowerMeter.cpp">
      <Filter>Source Files</Filter>
    </ClCompile>
    <ClCompile Include="SigmaEEPROM.cpp">
      <Filter>Source Files</Filter>
    </ClCompile>
    <ClCompile Include="Contactor.cpp">
      <Filter>Source Files</Filter>
    </ClCompile>
    <ClCompile Include="ShiftRegister.cpp">
      <Filter>Source Files</Filter>
    </ClCompile>
    <ClCompile Include="ShiftRegisterOut.cpp">
      <Filter>Source Files</Filter>
    </ClCompile>
    <ClCompile Include="ShiftRegisterIn.cpp">
      <Filter>Source Files</Filter>
    </ClCompile>
  </ItemGroup>
  <ItemGroup>
    <Text Include="iobroker\dummy.txt">
      <Filter>iobroker</Filter>
    </Text>
  </ItemGroup>
</Project>